
Microsoft Visual Studio Solution File, Format Version 12.00
# Visual Studio Version 17
VisualStudioVersion = 17.0.32112.339
MinimumVisualStudioVersion = 10.0.40219.1
Project("{FAE04EC0-301F-11D3-BF4B-00C04F79EFBC}") = "SchoolProject_2_w2022", "SchoolProject_2_w2022\SchoolProject_2_w2022.csproj", "{CCB910F3-9785-452D-8DC9-CEBFC985CB85}"
EndProject
Global
	GlobalSection(SolutionConfigurationPlatforms) = preSolution
		Debug|Any CPU = Debug|Any CPU
		Release|Any CPU = Release|Any CPU
	EndGlobalSection
	GlobalSection(ProjectConfigurationPlatforms) = postSolution
		{CCB910F3-9785-452D-8DC9-CEBFC985CB85}.Debug|Any CPU.ActiveCfg = Debug|Any CPU
		{CCB910F3-9785-452D-8DC9-CEBFC985CB85}.Debug|Any CPU.Build.0 = Debug|Any CPU
		{CCB910F3-9785-452D-8DC9-CEBFC985CB85}.Release|Any CPU.ActiveCfg = Release|Any CPU
		{CCB910F3-9785-452D-8DC9-CEBFC985CB85}.Release|Any CPU.Build.0 = Release|Any CPU
	EndGlobalSection
	GlobalSection(SolutionProperties) = preSolution
		HideSolutionNode = FALSE
	EndGlobalSection
	GlobalSection(ExtensibilityGlobals) = postSolution
		SolutionGuid = {AE0E360B-DA4A-49BE-93B9-68961E649AFC}
	EndGlobalSection
EndGlobal
